[[package]]
category = "main"
description = "Structured Logging for Python"
name = "structlog"
optional = false
python-versions = ">=3.6"
version = "20.2.0"

[package.extras]
dev = ["coverage", "freezegun (>=0.2.8)", "pretend", "pytest-asyncio", "pytest-randomly", "pytest (>=6.0)", "simplejson", "furo", "sphinx", "sphinx-toolbox", "twisted", "pre-commit"]
docs = ["furo", "sphinx", "sphinx-toolbox", "twisted"]
tests = ["coverage", "freezegun (>=0.2.8)", "pretend", "pytest-asyncio", "pytest-randomly", "pytest (>=6.0)", "simplejson"]

[metadata]
content-hash = "eb3f9452903d0f86a5368013f07fa2befbb9672b469a840eb5b3d97016910663"
python-versions = "^3.8"

[metadata.files]
structlog = [
    {file = "structlog-20.2.0-py2.py3-none-any.whl", hash = "sha256:33dd6bd5f49355e52c1c61bb6a4f20d0b48ce0328cc4a45fe872d38b97a05ccd"},
    {file = "structlog-20.2.0.tar.gz", hash = "sha256:af79dfa547d104af8d60f86eac12fb54825f54a46bc998e4504ef66177103174"},
]
